// !$*UTF8*$!
{
	archiveVersion = 1;
	classes = {
	};
	objectVersion = 46;
	objects = {

/* Begin PBXBuildFile section */
		14BD8CC91E4037A500804133 /* AppDelegate.swift in Sources */ = {isa = PBXBuildFile; fileRef = 14BD8CC81E4037A500804133 /* AppDelegate.swift */; };
		14BD8CCE1E4037A500804133 /* Main.storyboard in Resources */ = {isa = PBXBuildFile; fileRef = 14BD8CCC1E4037A500804133 /* Main.storyboard */; };
		14BD8CD01E4037A500804133 /* Assets.xcassets in Resources */ = {isa = PBXBuildFile; fileRef = 14BD8CCF1E4037A500804133 /* Assets.xcassets */; };
		14BD8CD31E4037A500804133 /* LaunchScreen.storyboard in Resources */ = {isa = PBXBuildFile; fileRef = 14BD8CD11E4037A500804133 /* LaunchScreen.storyboard */; };
		14BD8CDE1E4037A500804133 /* flicksTests.swift in Sources */ = {isa = PBXBuildFile; fileRef = 14BD8CDD1E4037A500804133 /* flicksTests.swift */; };
		14BD8CE91E4037A500804133 /* flicksUITests.swift in Sources */ = {isa = PBXBuildFile; fileRef = 14BD8CE81E4037A500804133 /* flicksUITests.swift */; };
		14BD8CF71E4038DD00804133 /* MoviesViewController.swift in Sources */ = {isa = PBXBuildFile; fileRef = 14BD8CF61E4038DD00804133 /* MoviesViewController.swift */; };
		14BD8CFA1E4041AB00804133 /* MovieCell.swift in Sources */ = {isa = PBXBuildFile; fileRef = 14BD8CF91E4041AB00804133 /* MovieCell.swift */; };
		6A73E37EE9A65547C66672AF /* Pods_flicksUITests.framework in Frameworks */ = {isa = PBXBuildFile; fileRef = C4BF0ED31CE4B5FB93F0CC8B /* Pods_flicksUITests.framework */; };
		7C5D6B6E190C1961A0DE3F68 /* Pods_flicks.framework in Frameworks */ = {isa = PBXBuildFile; fileRef = 8C7EAC80642B31B7C5CF5760 /* Pods_flicks.framework */; };
		8300C180B209AA167D803A9B /* Pods_flicksTests.framework in Frameworks */ = {isa = PBXBuildFile; fileRef = 11EB99A56782D68144273755 /* Pods_flicksTests.framework */; };
/* End PBXBuildFile section */

/* Begin PBXContainerItemProxy section */
		14BD8CDA1E4037A500804133 /* PBXContainerItemProxy */ = {
			isa = PBXContainerItemProxy;
			containerPortal = 14BD8CBD1E4037A500804133 /* Project object */;
			proxyType = 1;
			remoteGlobalIDString = 14BD8CC41E4037A500804133;
			remoteInfo = flicks;
		};
		14BD8CE51E4037A500804133 /* PBXContainerItemProxy */ = {
			isa = PBXContainerItemProxy;
			containerPortal = 14BD8CBD1E4037A500804133 /* Project object */;
			proxyType = 1;
			remoteGlobalIDString = 14BD8CC41E4037A500804133;
			remoteInfo = flicks;
		};
/* End PBXContainerItemProxy section */

/* Begin PBXFileReference section */
		06105915E6462005BB99E172 /* Pods-flicksTests.release.xcconfig */ = {isa = PBXFileReference; includeInIndex = 1; lastKnownFileType = text.xcconfig; name = "Pods-flicksTests.release.xcconfig"; path = "Pods/Target Support Files/Pods-flicksTests/Pods-flicksTests.release.xcconfig"; sourceTree = "<group>"; };
		1094ABA63B6F30849363A0B0 /* Pods-flicksUITests.debug.xcconfig */ = {isa = PBXFileReference; includeInIndex = 1; lastKnownFileType = text.xcconfig; name = "Pods-flicksUITests.debug.xcconfig"; path = "Pods/Target Support Files/Pods-flicksUITests/Pods-flicksUITests.debug.xcconfig"; sourceTree = "<group>"; };
		11EB99A56782D68144273755 /* Pods_flicksTests.framework */ = {isa = PBXFileReference; explicitFileType = wrapper.framework; includeInIndex = 0; path = Pods_flicksTests.framework; sourceTree = BUILT_PRODUCTS_DIR; };
		14BD8CC51E4037A500804133 /* flicks.app */ = {isa = PBXFileReference; explicitFileType = wrapper.application; includeInIndex = 0; path = flicks.app; sourceTree = BUILT_PRODUCTS_DIR; };
		14BD8CC81E4037A500804133 /* AppDelegate.swift */ = {isa = PBXFileReference; lastKnownFileType = sourcecode.swift; path = AppDelegate.swift; sourceTree = "<group>"; };
		14BD8CCD1E4037A500804133 /* Base */ = {isa = PBXFileReference; lastKnownFileType = file.storyboard; name = Base; path = Base.lproj/Main.storyboard; sourceTree = "<group>"; };
		14BD8CCF1E4037A500804133 /* Assets.xcassets */ = {isa = PBXFileReference; lastKnownFileType = folder.assetcatalog; path = Assets.xcassets; sourceTree = "<group>"; };
		14BD8CD21E4037A500804133 /* Base */ = {isa = PBXFileReference; lastKnownFileType = file.storyboard; name = Base; path = Base.lproj/LaunchScreen.storyboard; sourceTree = "<group>"; };
		14BD8CD41E4037A500804133 /* Info.plist */ = {isa = PBXFileReference; lastKnownFileType = text.plist.xml; path = Info.plist; sourceTree = "<group>"; };
		14BD8CD91E4037A500804133 /* flicksTests.xctest */ = {isa = PBXFileReference; explicitFileType = wrapper.cfbundle; includeInIndex = 0; path = flicksTests.xctest; sourceTree = BUILT_PRODUCTS_DIR; };
		14BD8CDD1E4037A500804133 /* flicksTests.swift */ = {isa = PBXFileReference; lastKnownFileType = sourcecode.swift; path = flicksTests.swift; sourceTree = "<group>"; };
		14BD8CDF1E4037A500804133 /* Info.plist */ = {isa = PBXFileReference; lastKnownFileType = text.plist.xml; path = Info.plist; sourceTree = "<group>"; };
		14BD8CE41E4037A500804133 /* flicksUITests.xctest */ = {isa = PBXFileReference; explicitFileType = wrapper.cfbundle; includeInIndex = 0; path = flicksUITests.xctest; sourceTree = BUILT_PRODUCTS_DIR; };
		14BD8CE81E4037A500804133 /* flicksUITests.swift */ = {isa = PBXFileReference; lastKnownFileType = sourcecode.swift; path = flicksUITests.swift; sourceTree = "<group>"; };
		14BD8CEA1E4037A500804133 /* Info.plist */ = {isa = PBXFileReference; lastKnownFileType = text.plist.xml; path = Info.plist; sourceTree = "<group>"; };
		14BD8CF61E4038DD00804133 /* MoviesViewController.swift */ = {isa = PBXFileReference; fileEncoding = 4; lastKnownFileType = sourcecode.swift; path = MoviesViewController.swift; sourceTree = "<group>"; };
		14BD8CF91E4041AB00804133 /* MovieCell.swift */ = {isa = PBXFileReference; fileEncoding = 4; lastKnownFileType = sourcecode.swift; path = MovieCell.swift; sourceTree = "<group>"; };
		218D712876E62D24061C2B5E /* Pods-flicksUITests.release.xcconfig */ = {isa = PBXFileReference; includeInIndex = 1; lastKnownFileType = text.xcconfig; name = "Pods-flicksUITests.release.xcconfig"; path = "Pods/Target Support Files/Pods-flicksUITests/Pods-flicksUITests.release.xcconfig"; sourceTree = "<group>"; };
		62B090A03DACFA77C6E0B635 /* Pods-flicksTests.debug.xcconfig */ = {isa = PBXFileReference; includeInIndex = 1; lastKnownFileType = text.xcconfig; name = "Pods-flicksTests.debug.xcconfig"; path = "Pods/Target Support Files/Pods-flicksTests/Pods-flicksTests.debug.xcconfig"; sourceTree = "<group>"; };
		7DE96053EFFDADDDF859F95D /* Pods-flicks.debug.xcconfig */ = {isa = PBXFileReference; includeInIndex = 1; lastKnownFileType = text.xcconfig; name = "Pods-flicks.debug.xcconfig"; path = "Pods/Target Support Files/Pods-flicks/Pods-flicks.debug.xcconfig"; sourceTree = "<group>"; };
		8C7EAC80642B31B7C5CF5760 /* Pods_flicks.framework */ = {isa = PBXFileReference; explicitFileType = wrapper.framework; includeInIndex = 0; path = Pods_flicks.framework; sourceTree = BUILT_PRODUCTS_DIR; };
		C4BF0ED31CE4B5FB93F0CC8B /* Pods_flicksUITests.framework */ = {isa = PBXFileReference; explicitFileType = wrapper.framework; includeInIndex = 0; path = Pods_flicksUITests.framework; sourceTree = BUILT_PRODUCTS_DIR; };
		F74B5A09AAD4904A67790B2D /* Pods-flicks.release.xcconfig */ = {isa = PBXFileReference; includeInIndex = 1; lastKnownFileType = text.xcconfig; name = "Pods-flicks.release.xcconfig"; path = "Pods/Target Support Files/Pods-flicks/Pods-flicks.release.xcconfig"; sourceTree = "<group>"; };
/* End PBXFileReference section */

/* Begin PBXFrameworksBuildPhase section */
		14BD8CC21E4037A500804133 /* Frameworks */ = {
			isa = PBXFrameworksBuildPhase;
			buildActionMask = 2147483647;
			files = (
				7C5D6B6E190C1961A0DE3F68 /* Pods_flicks.framework in Frameworks */,
			);
			runOnlyForDeploymentPostprocessing = 0;
		};
		14BD8CD61E4037A500804133 /* Frameworks */ = {
			isa = PBXFrameworksBuildPhase;
			buildActionMask = 2147483647;
			files = (
				8300C180B209AA167D803A9B /* Pods_flicksTests.framework in Frameworks */,
			);
			runOnlyForDeploymentPostprocessing = 0;
		};
		14BD8CE11E4037A500804133 /* Frameworks */ = {
			isa = PBXFrameworksBuildPhase;
			buildActionMask = 2147483647;
			files = (
				6A73E37EE9A65547C66672AF /* Pods_flicksUITests.framework in Frameworks */,
			);
			runOnlyForDeploymentPostprocessing = 0;
		};
/* End PBXFrameworksBuildPhase section */

/* Begin PBXGroup section */
		114C693E6BAF6BC987E624C9 /* Frameworks */ = {
			isa = PBXGroup;
			children = (
				8C7EAC80642B31B7C5CF5760 /* Pods_flicks.framework */,
				11EB99A56782D68144273755 /* Pods_flicksTests.framework */,
				C4BF0ED31CE4B5FB93F0CC8B /* Pods_flicksUITests.framework */,
			);
			name = Frameworks;
			sourceTree = "<group>";
		};
		14BD8CBC1E4037A400804133 = {
			isa = PBXGroup;
			children = (
				14BD8CC71E4037A500804133 /* flicks */,
				14BD8CDC1E4037A500804133 /* flicksTests */,
				14BD8CE71E4037A500804133 /* flicksUITests */,
				14BD8CC61E4037A500804133 /* Products */,
				48D84059346232C1ADDC6C6E /* Pods */,
				114C693E6BAF6BC987E624C9 /* Frameworks */,
			);
			sourceTree = "<group>";
		};
		14BD8CC61E4037A500804133 /* Products */ = {
			isa = PBXGroup;
			children = (
				14BD8CC51E4037A500804133 /* flicks.app */,
				14BD8CD91E4037A500804133 /* flicksTests.xctest */,
				14BD8CE41E4037A500804133 /* flicksUITests.xctest */,
			);
			name = Products;
			sourceTree = "<group>";
		};
		14BD8CC71E4037A500804133 /* flicks */ = {
			isa = PBXGroup;
			children = (
				14BD8CFB1E4041B900804133 /* view_controllers */,
				14BD8CF81E40417C00804133 /* views */,
				14BD8CC81E4037A500804133 /* AppDelegate.swift */,
				14BD8CCC1E4037A500804133 /* Main.storyboard */,
				14BD8CCF1E4037A500804133 /* Assets.xcassets */,
				14BD8CD11E4037A500804133 /* LaunchScreen.storyboard */,
				14BD8CD41E4037A500804133 /* Info.plist */,
			);
			path = flicks;
			sourceTree = "<group>";
		};
		14BD8CDC1E4037A500804133 /* flicksTests */ = {
			isa = PBXGroup;
			children = (
				14BD8CDD1E4037A500804133 /* flicksTests.swift */,
				14BD8CDF1E4037A500804133 /* Info.plist */,
			);
			path = flicksTests;
			sourceTree = "<group>";
		};
		14BD8CE71E4037A500804133 /* flicksUITests */ = {
			isa = PBXGroup;
			children = (
				14BD8CE81E4037A500804133 /* flicksUITests.swift */,
				14BD8CEA1E4037A500804133 /* Info.plist */,
			);
			path = flicksUITests;
			sourceTree = "<group>";
		};
		14BD8CF81E40417C00804133 /* views */ = {
			isa = PBXGroup;
			children = (
				14BD8CF91E4041AB00804133 /* MovieCell.swift */,
			);
			name = views;
			sourceTree = "<group>";
		};
		14BD8CFB1E4041B900804133 /* view_controllers */ = {
			isa = PBXGroup;
			children = (
				14BD8CF61E4038DD00804133 /* MoviesViewController.swift */,
			);
			name = view_controllers;
			sourceTree = "<group>";
		};
		48D84059346232C1ADDC6C6E /* Pods */ = {
			isa = PBXGroup;
			children = (
				7DE96053EFFDADDDF859F95D /* Pods-flicks.debug.xcconfig */,
				F74B5A09AAD4904A67790B2D /* Pods-flicks.release.xcconfig */,
				62B090A03DACFA77C6E0B635 /* Pods-flicksTests.debug.xcconfig */,
				06105915E6462005BB99E172 /* Pods-flicksTests.release.xcconfig */,
				1094ABA63B6F30849363A0B0 /* Pods-flicksUITests.debug.xcconfig */,
				218D712876E62D24061C2B5E /* Pods-flicksUITests.release.xcconfig */,
			);
			name = Pods;
			sourceTree = "<group>";
		};
/* End PBXGroup section */

/* Begin PBXNativeTarget section */
		14BD8CC41E4037A500804133 /* flicks */ = {
			isa = PBXNativeTarget;
			buildConfigurationList = 14BD8CED1E4037A500804133 /* Build configuration list for PBXNativeTarget "flicks" */;
			buildPhases = (
				575E0A521FF76DDBD3B2B751 /* [CP] Check Pods Manifest.lock */,
				14BD8CC11E4037A500804133 /* Sources */,
				14BD8CC21E4037A500804133 /* Frameworks */,
				14BD8CC31E4037A500804133 /* Resources */,
				E22A0E80B1809B7136BDA530 /* [CP] Embed Pods Frameworks */,
				1FB710CE93A811CBDD6BBA19 /* [CP] Copy Pods Resources */,
			);
			buildRules = (
			);
			dependencies = (
			);
			name = flicks;
			productName = flicks;
			productReference = 14BD8CC51E4037A500804133 /* flicks.app */;
			productType = "com.apple.product-type.application";
		};
		14BD8CD81E4037A500804133 /* flicksTests */ = {
			isa = PBXNativeTarget;
			buildConfigurationList = 14BD8CF01E4037A500804133 /* Build configuration list for PBXNativeTarget "flicksTests" */;
			buildPhases = (
				4D6BA63DC28B893611C95B9B /* [CP] Check Pods Manifest.lock */,
				14BD8CD51E4037A500804133 /* Sources */,
				14BD8CD61E4037A500804133 /* Frameworks */,
				14BD8CD71E4037A500804133 /* Resources */,
				4EC748237B8B34BB86288FFC /* [CP] Embed Pods Frameworks */,
				AF061589FDECA4CCBC104C4E /* [CP] Copy Pods Resources */,
			);
			buildRules = (
			);
			dependencies = (
				14BD8CDB1E4037A500804133 /* PBXTargetDependency */,
			);
			name = flicksTests;
			productName = flicksTests;
			productReference = 14BD8CD91E4037A500804133 /* flicksTests.xctest */;
			productType = "com.apple.product-type.bundle.unit-test";
		};
		14BD8CE31E4037A500804133 /* flicksUITests */ = {
			isa = PBXNativeTarget;
			buildConfigurationList = 14BD8CF31E4037A500804133 /* Build configuration list for PBXNativeTarget "flicksUITests" */;
			buildPhases = (
				41FBF03C36481C3CF44B4B57 /* [CP] Check Pods Manifest.lock */,
				14BD8CE01E4037A500804133 /* Sources */,
				14BD8CE11E4037A500804133 /* Frameworks */,
				14BD8CE21E4037A500804133 /* Resources */,
				BD6087212140E322CFCE901C /* [CP] Embed Pods Frameworks */,
				FE8D56CE1DF6E554CF8F59E5 /* [CP] Copy Pods Resources */,
			);
			buildRules = (
			);
			dependencies = (
				14BD8CE61E4037A500804133 /* PBXTargetDependency */,
			);
			name = flicksUITests;
			productName = flicksUITests;
			productReference = 14BD8CE41E4037A500804133 /* flicksUITests.xctest */;
			productType = "com.apple.product-type.bundle.ui-testing";
		};
/* End PBXNativeTarget section */

/* Begin PBXProject section */
		14BD8CBD1E4037A500804133 /* Project object */ = {
			isa = PBXProject;
			attributes = {
				LastSwiftUpdateCheck = 0820;
				LastUpgradeCheck = 0820;
				ORGANIZATIONNAME = "Deep S Randhawa";
				TargetAttributes = {
					14BD8CC41E4037A500804133 = {
						CreatedOnToolsVersion = 8.2.1;
						ProvisioningStyle = Automatic;
					};
					14BD8CD81E4037A500804133 = {
						CreatedOnToolsVersion = 8.2.1;
						ProvisioningStyle = Automatic;
						TestTargetID = 14BD8CC41E4037A500804133;
					};
					14BD8CE31E4037A500804133 = {
						CreatedOnToolsVersion = 8.2.1;
						ProvisioningStyle = Automatic;
						TestTargetID = 14BD8CC41E4037A500804133;
					};
				};
			};
			buildConfigurationList = 14BD8CC01E4037A500804133 /* Build configuration list for PBXProject "flicks" */;
			compatibilityVersion = "Xcode 3.2";
			developmentRegion = English;
			hasScannedForEncodings = 0;
			knownRegions = (
				en,
				Base,
			);
			mainGroup = 14BD8CBC1E4037A400804133;
			productRefGroup = 14BD8CC61E4037A500804133 /* Products */;
			projectDirPath = "";
			projectRoot = "";
			targets = (
				14BD8CC41E4037A500804133 /* flicks */,
				14BD8CD81E4037A500804133 /* flicksTests */,
				14BD8CE31E4037A500804133 /* flicksUITests */,
			);
		};
/* End PBXProject section */

/* Begin PBXResourcesBuildPhase section */
		14BD8CC31E4037A500804133 /* Resources */ = {
			isa = PBXResourcesBuildPhase;
			buildActionMask = 2147483647;
			files = (
				14BD8CD31E4037A500804133 /* LaunchScreen.storyboard in Resources */,
				14BD8CD01E4037A500804133 /* Assets.xcassets in Resources */,
				14BD8CCE1E4037A500804133 /* Main.storyboard in Resources */,
			);
			runOnlyForDeploymentPostprocessing = 0;
		};
		14BD8CD71E4037A500804133 /* Resources */ = {
			isa = PBXResourcesBuildPhase;
			buildActionMask = 2147483647;
			files = (
			);
			runOnlyForDeploymentPostprocessing = 0;
		};
		14BD8CE21E4037A500804133 /* Resources */ = {
			isa = PBXResourcesBuildPhase;
			buildActionMask = 2147483647;
			files = (
			);
			runOnlyForDeploymentPostprocessing = 0;
		};
/* End PBXResourcesBuildPhase section */

/* Begin PBXShellScriptBuildPhase section */
		1FB710CE93A811CBDD6BBA19 /* [CP] Copy Pods Resources */ = {
			isa = PBXShellScriptBuildPhase;
			buildActionMask = 2147483647;
			files = (
			);
			inputPaths = (
			);
			name = "[CP] Copy Pods Resources";
			outputPaths = (
			);
			runOnlyForDeploymentPostprocessing = 0;
			shellPath = /bin/sh;
			shellScript = "\"${SRCROOT}/Pods/Target Support Files/Pods-flicks/Pods-flicks-resources.sh\"\n";
			showEnvVarsInLog = 0;
		};
		41FBF03C36481C3CF44B4B57 /* [CP] Check Pods Manifest.lock */ = {
			isa = PBXShellScriptBuildPhase;
			buildActionMask = 2147483647;
			files = (
			);
			inputPaths = (
			);
			name = "[CP] Check Pods Manifest.lock";
			outputPaths = (
			);
			runOnlyForDeploymentPostprocessing = 0;
			shellPath = /bin/sh;
			shellScript = "diff \"${PODS_ROOT}/../Podfile.lock\" \"${PODS_ROOT}/Manifest.lock\" > /dev/null\nif [ $? != 0 ] ; then\n    # print error to STDERR\n    echo \"error: The sandbox is not in sync with the Podfile.lock. Run 'pod install' or update your CocoaPods installation.\" >&2\n    exit 1\nfi\n";
			showEnvVarsInLog = 0;
		};
		4D6BA63DC28B893611C95B9B /* [CP] Check Pods Manifest.lock */ = {
			isa = PBXShellScriptBuildPhase;
			buildActionMask = 2147483647;
			files = (
			);
			inputPaths = (
			);
			name = "[CP] Check Pods Manifest.lock";
			outputPaths = (
			);
			runOnlyForDeploymentPostprocessing = 0;
			shellPath = /bin/sh;
			shellScript = "diff \"${PODS_ROOT}/../Podfile.lock\" \"${PODS_ROOT}/Manifest.lock\" > /dev/null\nif [ $? != 0 ] ; then\n    # print error to STDERR\n    echo \"error: The sandbox is not in sync with the Podfile.lock. Run 'pod install' or update your CocoaPods installation.\" >&2\n    exit 1\nfi\n";
			showEnvVarsInLog = 0;
		};
		4EC748237B8B34BB86288FFC /* [CP] Embed Pods Frameworks */ = {
			isa = PBXShellScriptBuildPhase;
			buildActionMask = 2147483647;
			files = (
			);
			inputPaths = (
			);
			name = "[CP] Embed Pods Frameworks";
			outputPaths = (
			);
			runOnlyForDeploymentPostprocessing = 0;
			shellPath = /bin/sh;
			shellScript = "\"${SRCROOT}/Pods/Target Support Files/Pods-flicksTests/Pods-flicksTests-frameworks.sh\"\n";
			showEnvVarsInLog = 0;
		};
		575E0A521FF76DDBD3B2B751 /* [CP] Check Pods Manifest.lock */ = {
			isa = PBXShellScriptBuildPhase;
			buildActionMask = 2147483647;
			files = (
			);
			inputPaths = (
			);
			name = "[CP] Check Pods Manifest.lock";
			outputPaths = (
			);
			runOnlyForDeploymentPostprocessing = 0;
			shellPath = /bin/sh;
			shellScript = "diff \"${PODS_ROOT}/../Podfile.lock\" \"${PODS_ROOT}/Manifest.lock\" > /dev/null\nif [ $? != 0 ] ; then\n    # print error to STDERR\n    echo \"error: The sandbox is not in sync with the Podfile.lock. Run 'pod install' or update your CocoaPods installation.\" >&2\n    exit 1\nfi\n";
			showEnvVarsInLog = 0;
		};
		AF061589FDECA4CCBC104C4E /* [CP] Copy Pods Resources */ = {
			isa = PBXShellScriptBuildPhase;
			buildActionMask = 2147483647;
			files = (
			);
			inputPaths = (
			);
			name = "[CP] Copy Pods Resources";
			outputPaths = (
			);
			runOnlyForDeploymentPostprocessing = 0;
			shellPath = /bin/sh;
			shellScript = "\"${SRCROOT}/Pods/Target Support Files/Pods-flicksTests/Pods-flicksTests-resources.sh\"\n";
			showEnvVarsInLog = 0;
		};
		BD6087212140E322CFCE901C /* [CP] Embed Pods Frameworks */ = {
			isa = PBXShellScriptBuildPhase;
			buildActionMask = 2147483647;
			files = (
			);
			inputPaths = (
			);
			name = "[CP] Embed Pods Frameworks";
			outputPaths = (
			);
			runOnlyForDeploymentPostprocessing = 0;
			shellPath = /bin/sh;
			shellScript = "\"${SRCROOT}/Pods/Target Support Files/Pods-flicksUITests/Pods-flicksUITests-frameworks.sh\"\n";
			showEnvVarsInLog = 0;
		};
		E22A0E80B1809B7136BDA530 /* [CP] Embed Pods Frameworks */ = {
			isa = PBXShellScriptBuildPhase;
			buildActionMask = 2147483647;
			files = (
			);
			inputPaths = (
			);
			name = "[CP] Embed Pods Frameworks";
			outputPaths = (
			);
			runOnlyForDeploymentPostprocessing = 0;
			shellPath = /bin/sh;
			shellScript = "\"${SRCROOT}/Pods/Target Support Files/Pods-flicks/Pods-flicks-frameworks.sh\"\n";
			showEnvVarsInLog = 0;
		};
		FE8D56CE1DF6E554CF8F59E5 /* [CP] Copy Pods Resources */ = {
			isa = PBXShellScriptBuildPhase;
			buildActionMask = 2147483647;
			files = (
			);
			inputPaths = (
			);
			name = "[CP] Copy Pods Resources";
			outputPaths = (
			);
			runOnlyForDeploymentPostprocessing = 0;
			shellPath = /bin/sh;
			shellScript = "\"${SRCROOT}/Pods/Target Support Files/Pods-flicksUITests/Pods-flicksUITests-resources.sh\"\n";
			showEnvVarsInLog = 0;
		};
/* End PBXShellScriptBuildPhase section */

/* Begin PBXSourcesBuildPhase section */
		14BD8CC11E4037A500804133 /* Sources */ = {
			isa = PBXSourcesBuildPhase;
			buildActionMask = 2147483647;
			files = (
				14BD8CC91E4037A500804133 /* AppDelegate.swift in Sources */,
				14BD8CF71E4038DD00804133 /* MoviesViewController.swift in Sources */,
				14BD8CFA1E4041AB00804133 /* MovieCell.swift in Sources */,
			);
			runOnlyForDeploymentPostprocessing = 0;
		};
		14BD8CD51E4037A500804133 /* Sources */ = {
			isa = PBXSourcesBuildPhase;
			buildActionMask = 2147483647;
			files = (
				14BD8CDE1E4037A500804133 /* flicksTests.swift in Sources */,
			);
			runOnlyForDeploymentPostprocessing = 0;
		};
		14BD8CE01E4037A500804133 /* Sources */ = {
			isa = PBXSourcesBuildPhase;
			buildActionMask = 2147483647;
			files = (
				14BD8CE91E4037A500804133 /* flicksUITests.swift in Sources */,
			);
			runOnlyForDeploymentPostprocessing = 0;
		};
/* End PBXSourcesBuildPhase section */

/* Begin PBXTargetDependency section */
		14BD8CDB1E4037A500804133 /* PBXTargetDependency */ = {
			isa = PBXTargetDependency;
			target = 14BD8CC41E4037A500804133 /* flicks */;
			targetProxy = 14BD8CDA1E4037A500804133 /* PBXContainerItemProxy */;
		};
		14BD8CE61E4037A500804133 /* PBXTargetDependency */ = {
			isa = PBXTargetDependency;
			target = 14BD8CC41E4037A500804133 /* flicks */;
			targetProxy = 14BD8CE51E4037A500804133 /* PBXContainerItemProxy */;
		};
/* End PBXTargetDependency section */

/* Begin PBXVariantGroup section */
		14BD8CCC1E4037A500804133 /* Main.storyboard */ = {
			isa = PBXVariantGroup;
			children = (
				14BD8CCD1E4037A500804133 /* Base */,
			);
			name = Main.storyboard;
			sourceTree = "<group>";
		};
		14BD8CD11E4037A500804133 /* LaunchScreen.storyboard */ = {
			isa = PBXVariantGroup;
			children = (
				14BD8CD21E4037A500804133 /* Base */,
			);
			name = LaunchScreen.storyboard;
			sourceTree = "<group>";
		};
/* End PBXVariantGroup section */

/* Begin XCBuildConfiguration section */
		14BD8CEB1E4037A500804133 /* Debug */ = {
			isa = XCBuildConfiguration;
			buildSettings = {
				ALWAYS_SEARCH_USER_PATHS = NO;
				CLANG_ANALYZER_NONNULL = YES;
				CLANG_CXX_LANGUAGE_STANDARD = "gnu++0x";
				CLANG_CXX_LIBRARY = "libc++";
				CLANG_ENABLE_MODULES = YES;
				CLANG_ENABLE_OBJC_ARC = YES;
				CLANG_WARN_BOOL_CONVERSION = YES;
				CLANG_WARN_CONSTANT_CONVERSION = YES;
				CLANG_WARN_DIRECT_OBJC_ISA_USAGE = YES_ERROR;
				CLANG_WARN_DOCUMENTATION_COMMENTS = YES;
				CLANG_WARN_EMPTY_BODY = YES;
				CLANG_WARN_ENUM_CONVERSION = YES;
				CLANG_WARN_INFINITE_RECURSION = YES;
				CLANG_WARN_INT_CONVERSION = YES;
				CLANG_WARN_OBJC_ROOT_CLASS = YES_ERROR;
				CLANG_WARN_SUSPICIOUS_MOVE = YES;
				CLANG_WARN_UNREACHABLE_CODE = YES;
				CLANG_WARN__DUPLICATE_METHOD_MATCH = YES;
				"CODE_SIGN_IDENTITY[sdk=iphoneos*]" = "iPhone Developer";
				COPY_PHASE_STRIP = NO;
				DEBUG_INFORMATION_FORMAT = dwarf;
				ENABLE_STRICT_OBJC_MSGSEND = YES;
				ENABLE_TESTABILITY = YES;
				GCC_C_LANGUAGE_STANDARD = gnu99;
				GCC_DYNAMIC_NO_PIC = NO;
				GCC_NO_COMMON_BLOCKS = YES;
				GCC_OPTIMIZATION_LEVEL = 0;
				GCC_PREPROCESSOR_DEFINITIONS = (
					"DEBUG=1",
					"$(inherited)",
				);
				GCC_WARN_64_TO_32_BIT_CONVERSION = YES;
				GCC_WARN_ABOUT_RETURN_TYPE = YES_ERROR;
				GCC_WARN_UNDECLARED_SELECTOR = YES;
				GCC_WARN_UNINITIALIZED_AUTOS = YES_AGGRESSIVE;
				GCC_WARN_UNUSED_FUNCTION = YES;
				GCC_WARN_UNUSED_VARIABLE = YES;
				IPHONEOS_DEPLOYMENT_TARGET = 10.2;
				MTL_ENABLE_DEBUG_INFO = YES;
				ONLY_ACTIVE_ARCH = YES;
				SDKROOT = iphoneos;
				SWIFT_ACTIVE_COMPILATION_CONDITIONS = DEBUG;
				SWIFT_OPTIMIZATION_LEVEL = "-Onone";
				TARGETED_DEVICE_FAMILY = "1,2";
			};
			name = Debug;
		};
		14BD8CEC1E4037A500804133 /* Release */ = {
			isa = XCBuildConfiguration;
			buildSettings = {
				ALWAYS_SEARCH_USER_PATHS = NO;
				CLANG_ANALYZER_NONNULL = YES;
				CLANG_CXX_LANGUAGE_STANDARD = "gnu++0x";
				CLANG_CXX_LIBRARY = "libc++";
				CLANG_ENABLE_MODULES = YES;
				CLANG_ENABLE_OBJC_ARC = YES;
				CLANG_WARN_BOOL_CONVERSION = YES;
				CLANG_WARN_CONSTANT_CONVERSION = YES;
				CLANG_WARN_DIRECT_OBJC_ISA_USAGE = YES_ERROR;
				CLANG_WARN_DOCUMENTATION_COMMENTS = YES;
				CLANG_WARN_EMPTY_BODY = YES;
				CLANG_WARN_ENUM_CONVERSION = YES;
				CLANG_WARN_INFINITE_RECURSION = YES;
				CLANG_WARN_INT_CONVERSION = YES;
				CLANG_WARN_OBJC_ROOT_CLASS = YES_ERROR;
				CLANG_WARN_SUSPICIOUS_MOVE = YES;
				CLANG_WARN_UNREACHABLE_CODE = YES;
				CLANG_WARN__DUPLICATE_METHOD_MATCH = YES;
				"CODE_SIGN_IDENTITY[sdk=iphoneos*]" = "iPhone Developer";
				COPY_PHASE_STRIP = NO;
				DEBUG_INFORMATION_FORMAT = "dwarf-with-dsym";
				ENABLE_NS_ASSERTIONS = NO;
				ENABLE_STRICT_OBJC_MSGSEND = YES;
				GCC_C_LANGUAGE_STANDARD = gnu99;
				GCC_NO_COMMON_BLOCKS = YES;
				GCC_WARN_64_TO_32_BIT_CONVERSION = YES;
				GCC_WARN_ABOUT_RETURN_TYPE = YES_ERROR;
				GCC_WARN_UNDECLARED_SELECTOR = YES;
				GCC_WARN_UNINITIALIZED_AUTOS = YES_AGGRESSIVE;
				GCC_WARN_UNUSED_FUNCTION = YES;
				GCC_WARN_UNUSED_VARIABLE = YES;
				IPHONEOS_DEPLOYMENT_TARGET = 10.2;
				MTL_ENABLE_DEBUG_INFO = NO;
				SDKROOT = iphoneos;
				SWIFT_OPTIMIZATION_LEVEL = "-Owholemodule";
				TARGETED_DEVICE_FAMILY = "1,2";
				VALIDATE_PRODUCT = YES;
			};
			name = Release;
		};
		14BD8CEE1E4037A500804133 /* Debug */ = {
			isa = XCBuildConfiguration;
			baseConfigurationReference = 7DE96053EFFDADDDF859F95D /* Pods-flicks.debug.xcconfig */;
			buildSettings = {
				ASSETCATALOG_COMPILER_APPICON_NAME = AppIcon;
				INFOPLIST_FILE = flicks/Info.plist;
				LD_RUNPATH_SEARCH_PATHS = "$(inherited) @executable_path/Frameworks";
				PRODUCT_BUNDLE_IDENTIFIER = randhawa.deep.flicks;
				PRODUCT_NAME = "$(TARGET_NAME)";
				SWIFT_VERSION = 3.0;
			};
			name = Debug;
		};
		14BD8CEF1E4037A500804133 /* Release */ = {
			isa = XCBuildConfiguration;
			baseConfigurationReference = F74B5A09AAD4904A67790B2D /* Pods-flicks.release.xcconfig */;
			buildSettings = {
				ASSETCATALOG_COMPILER_APPICON_NAME = AppIcon;
				INFOPLIST_FILE = flicks/Info.plist;
				LD_RUNPATH_SEARCH_PATHS = "$(inherited) @executable_path/Frameworks";
				PRODUCT_BUNDLE_IDENTIFIER = randhawa.deep.flicks;
				PRODUCT_NAME = "$(TARGET_NAME)";
				SWIFT_VERSION = 3.0;
			};
			name = Release;
		};
		14BD8CF11E4037A500804133 /* Debug */ = {
			isa = XCBuildConfiguration;
			baseConfigurationReference = 62B090A03DACFA77C6E0B635 /* Pods-flicksTests.debug.xcconfig */;
			buildSettings = {
				ALWAYS_EMBED_SWIFT_STANDARD_LIBRARIES = YES;
				BUNDLE_LOADER = "$(TEST_HOST)";
				INFOPLIST_FILE = flicksTests/Info.plist;
				LD_RUNPATH_SEARCH_PATHS = "$(inherited) @executable_path/Frameworks @loader_path/Frameworks";
				PRODUCT_BUNDLE_IDENTIFIER = randhawa.deep.flicksTests;
				PRODUCT_NAME = "$(TARGET_NAME)";
				SWIFT_VERSION = 3.0;
				TEST_HOST = "$(BUILT_PRODUCTS_DIR)/flicks.app/flicks";
			};
			name = Debug;
		};
		14BD8CF21E4037A500804133 /* Release */ = {
			isa = XCBuildConfiguration;
			baseConfigurationReference = 06105915E6462005BB99E172 /* Pods-flicksTests.release.xcconfig */;
			buildSettings = {
				ALWAYS_EMBED_SWIFT_STANDARD_LIBRARIES = YES;
				BUNDLE_LOADER = "$(TEST_HOST)";
				INFOPLIST_FILE = flicksTests/Info.plist;
				LD_RUNPATH_SEARCH_PATHS = "$(inherited) @executable_path/Frameworks @loader_path/Frameworks";
				PRODUCT_BUNDLE_IDENTIFIER = randhawa.deep.flicksTests;
				PRODUCT_NAME = "$(TARGET_NAME)";
				SWIFT_VERSION = 3.0;
				TEST_HOST = "$(BUILT_PRODUCTS_DIR)/flicks.app/flicks";
			};
			name = Release;
		};
		14BD8CF41E4037A500804133 /* Debug */ = {
			isa = XCBuildConfiguration;
			baseConfigurationReference = 1094ABA63B6F30849363A0B0 /* Pods-flicksUITests.debug.xcconfig */;
			buildSettings = {
				ALWAYS_EMBED_SWIFT_STANDARD_LIBRARIES = YES;
				INFOPLIST_FILE = flicksUITests/Info.plist;
				LD_RUNPATH_SEARCH_PATHS = "$(inherited) @executable_path/Frameworks @loader_path/Frameworks";
				PRODUCT_BUNDLE_IDENTIFIER = randhawa.deep.flicksUITests;
				PRODUCT_NAME = "$(TARGET_NAME)";
				SWIFT_VERSION = 3.0;
				TEST_TARGET_NAME = flicks;
			};
			name = Debug;
		};
		14BD8CF51E4037A500804133 /* Release */ = {
			isa = XCBuildConfiguration;
			baseConfigurationReference = 218D712876E62D24061C2B5E /* Pods-flicksUITests.release.xcconfig */;
			buildSettings = {
				ALWAYS_EMBED_SWIFT_STANDARD_LIBRARIES = YES;
				INFOPLIST_FILE = flicksUITests/Info.plist;
				LD_RUNPATH_SEARCH_PATHS = "$(inherited) @executable_path/Frameworks @loader_path/Frameworks";
				PRODUCT_BUNDLE_IDENTIFIER = randhawa.deep.flicksUITests;
				PRODUCT_NAME = "$(TARGET_NAME)";
				SWIFT_VERSION = 3.0;
				TEST_TARGET_NAME = flicks;
			};
			name = Release;
		};
/* End XCBuildConfiguration section */

/* Begin XCConfigurationList section */
		14BD8CC01E4037A500804133 /* Build configuration list for PBXProject "flicks" */ = {
			isa = XCConfigurationList;
			buildConfigurations = (
				14BD8CEB1E4037A500804133 /* Debug */,
				14BD8CEC1E4037A500804133 /* Release */,
			);
			defaultConfigurationIsVisible = 0;
			defaultConfigurationName = Release;
		};
		14BD8CED1E4037A500804133 /* Build configuration list for PBXNativeTarget "flicks" */ = {
			isa = XCConfigurationList;
			buildConfigurations = (
				14BD8CEE1E4037A500804133 /* Debug */,
				14BD8CEF1E4037A500804133 /* Release */,
			);
			defaultConfigurationIsVisible = 0;
		};
		14BD8CF01E4037A500804133 /* Build configuration list for PBXNativeTarget "flicksTests" */ = {
			isa = XCConfigurationList;
			buildConfigurations = (
				14BD8CF11E4037A500804133 /* Debug */,
				14BD8CF21E4037A500804133 /* Release */,
			);
			defaultConfigurationIsVisible = 0;
		};
		14BD8CF31E4037A500804133 /* Build configuration list for PBXNativeTarget "flicksUITests" */ = {
			isa = XCConfigurationList;
			buildConfigurations = (
				14BD8CF41E4037A500804133 /* Debug */,
				14BD8CF51E4037A500804133 /* Release */,
			);
			defaultConfigurationIsVisible = 0;
		};
/* End XCConfigurationList section */
	};
	rootObject = 14BD8CBD1E4037A500804133 /* Project object */;
}
